// !$*UTF8*$!
{
	archiveVersion = 1;
	classes = {
	};
	objectVersion = 48;
	objects = {

/* Begin PBXBuildFile section */
		FF30B2C6203E7A6900AE19A6 /* AppDelegate.swift in Sources */ = {isa = PBXBuildFile; fileRef = FF30B2C5203E7A6900AE19A6 /* AppDelegate.swift */; };
		FF30B2C8203E7A6900AE19A6 /* ViewController.swift in Sources */ = {isa = PBXBuildFile; fileRef = FF30B2C7203E7A6900AE19A6 /* ViewController.swift */; };
		FF30B2CB203E7A6900AE19A6 /* Main.storyboard in Resources */ = {isa = PBXBuildFile; fileRef = FF30B2C9203E7A6900AE19A6 /* Main.storyboard */; };
		FF30B2CD203E7A6900AE19A6 /* Assets.xcassets in Resources */ = {isa = PBXBuildFile; fileRef = FF30B2CC203E7A6900AE19A6 /* Assets.xcassets */; };
		FF30B2D0203E7A6900AE19A6 /* LaunchScreen.storyboard in Resources */ = {isa = PBXBuildFile; fileRef = FF30B2CE203E7A6900AE19A6 /* LaunchScreen.storyboard */; };
		FF30B2DB203E7A6900AE19A6 /* ParseChatTests.swift in Sources */ = {isa = PBXBuildFile; fileRef = FF30B2DA203E7A6900AE19A6 /* ParseChatTests.swift */; };
		FF30B2E6203E7A6900AE19A6 /* ParseChatUITests.swift in Sources */ = {isa = PBXBuildFile; fileRef = FF30B2E5203E7A6900AE19A6 /* ParseChatUITests.swift */; };
/* End PBXBuildFile section */

/* Begin PBXContainerItemProxy section */
		FF30B2D7203E7A6900AE19A6 /* PBXContainerItemProxy */ = {
			isa = PBXContainerItemProxy;
			containerPortal = FF30B2BA203E7A6900AE19A6 /* Project object */;
			proxyType = 1;
			remoteGlobalIDString = FF30B2C1203E7A6900AE19A6;
			remoteInfo = ParseChat;
		};
		FF30B2E2203E7A6900AE19A6 /* PBXContainerItemProxy */ = {
			isa = PBXContainerItemProxy;
			containerPortal = FF30B2BA203E7A6900AE19A6 /* Project object */;
			proxyType = 1;
			remoteGlobalIDString = FF30B2C1203E7A6900AE19A6;
			remoteInfo = ParseChat;
		};
/* End PBXContainerItemProxy section */

/* Begin PBXFileReference section */
		FF30B2C2203E7A6900AE19A6 /* ParseChat.app */ = {isa = PBXFileReference; explicitFileType = wrapper.application; includeInIndex = 0; path = ParseChat.app; sourceTree = BUILT_PRODUCTS_DIR; };
		FF30B2C5203E7A6900AE19A6 /* AppDelegate.swift */ = {isa = PBXFileReference; lastKnownFileType = sourcecode.swift; path = AppDelegate.swift; sourceTree = "<group>"; };
		FF30B2C7203E7A6900AE19A6 /* ViewController.swift */ = {isa = PBXFileReference; lastKnownFileType = sourcecode.swift; path = ViewController.swift; sourceTree = "<group>"; };
		FF30B2CA203E7A6900AE19A6 /* Base */ = {isa = PBXFileReference; lastKnownFileType = file.storyboard; name = Base; path = Base.lproj/Main.storyboard; sourceTree = "<group>"; };
		FF30B2CC203E7A6900AE19A6 /* Assets.xcassets */ = {isa = PBXFileReference; lastKnownFileType = folder.assetcatalog; path = Assets.xcassets; sourceTree = "<group>"; };
		FF30B2CF203E7A6900AE19A6 /* Base */ = {isa = PBXFileReference; lastKnownFileType = file.storyboard; name = Base; path = Base.lproj/LaunchScreen.storyboard; sourceTree = "<group>"; };
		FF30B2D1203E7A6900AE19A6 /* Info.plist */ = {isa = PBXFileReference; lastKnownFileType = text.plist.xml; path = Info.plist; sourceTree = "<group>"; };
		FF30B2D6203E7A6900AE19A6 /* ParseChatTests.xctest */ = {isa = PBXFileReference; explicitFileType = wrapper.cfbundle; includeInIndex = 0; path = ParseChatTests.xctest; sourceTree = BUILT_PRODUCTS_DIR; };
		FF30B2DA203E7A6900AE19A6 /* ParseChatTests.swift */ = {isa = PBXFileReference; lastKnownFileType = sourcecode.swift; path = ParseChatTests.swift; sourceTree = "<group>"; };
		FF30B2DC203E7A6900AE19A6 /* Info.plist */ = {isa = PBXFileReference; lastKnownFileType = text.plist.xml; path = Info.plist; sourceTree = "<group>"; };
		FF30B2E1203E7A6900AE19A6 /* ParseChatUITests.xctest */ = {isa = PBXFileReference; explicitFileType = wrapper.cfbundle; includeInIndex = 0; path = ParseChatUITests.xctest; sourceTree = BUILT_PRODUCTS_DIR; };
		FF30B2E5203E7A6900AE19A6 /* ParseChatUITests.swift */ = {isa = PBXFileReference; lastKnownFileType = sourcecode.swift; path = ParseChatUITests.swift; sourceTree = "<group>"; };
		FF30B2E7203E7A6900AE19A6 /* Info.plist */ = {isa = PBXFileReference; lastKnownFileType = text.plist.xml; path = Info.plist; sourceTree = "<group>"; };
/* End PBXFileReference section */

/* Begin PBXFrameworksBuildPhase section */
		FF30B2BF203E7A6900AE19A6 /* Frameworks */ = {
			isa = PBXFrameworksBuildPhase;
			buildActionMask = 2147483647;
			files = (
			);
			runOnlyForDeploymentPostprocessing = 0;
		};
		FF30B2D3203E7A6900AE19A6 /* Frameworks */ = {
			isa = PBXFrameworksBuildPhase;
			buildActionMask = 2147483647;
			files = (
			);
			runOnlyForDeploymentPostprocessing = 0;
		};
		FF30B2DE203E7A6900AE19A6 /* Frameworks */ = {
			isa = PBXFrameworksBuildPhase;
			buildActionMask = 2147483647;
			files = (
			);
			runOnlyForDeploymentPostprocessing = 0;
		};
/* End PBXFrameworksBuildPhase section */

/* Begin PBXGroup section */
		FF30B2B9203E7A6900AE19A6 = {
			isa = PBXGroup;
			children = (
				FF30B2C4203E7A6900AE19A6 /* ParseChat */,
				FF30B2D9203E7A6900AE19A6 /* ParseChatTests */,
				FF30B2E4203E7A6900AE19A6 /* ParseChatUITests */,
				FF30B2C3203E7A6900AE19A6 /* Products */,
			);
			sourceTree = "<group>";
		};
		FF30B2C3203E7A6900AE19A6 /* Products */ = {
			isa = PBXGroup;
			children = (
				FF30B2C2203E7A6900AE19A6 /* ParseChat.app */,
				FF30B2D6203E7A6900AE19A6 /* ParseChatTests.xctest */,
				FF30B2E1203E7A6900AE19A6 /* ParseChatUITests.xctest */,
			);
			name = Products;
			sourceTree = "<group>";
		};
		FF30B2C4203E7A6900AE19A6 /* ParseChat */ = {
			isa = PBXGroup;
			children = (
				FF30B2C5203E7A6900AE19A6 /* AppDelegate.swift */,
				FF30B2C7203E7A6900AE19A6 /* ViewController.swift */,
				FF30B2C9203E7A6900AE19A6 /* Main.storyboard */,
				FF30B2CC203E7A6900AE19A6 /* Assets.xcassets */,
				FF30B2CE203E7A6900AE19A6 /* LaunchScreen.storyboard */,
				FF30B2D1203E7A6900AE19A6 /* Info.plist */,
			);
			path = ParseChat;
			sourceTree = "<group>";
		};
		FF30B2D9203E7A6900AE19A6 /* ParseChatTests */ = {
			isa = PBXGroup;
			children = (
				FF30B2DA203E7A6900AE19A6 /* ParseChatTests.swift */,
				FF30B2DC203E7A6900AE19A6 /* Info.plist */,
			);
			path = ParseChatTests;
			sourceTree = "<group>";
		};
		FF30B2E4203E7A6900AE19A6 /* ParseChatUITests */ = {
			isa = PBXGroup;
			children = (
				FF30B2E5203E7A6900AE19A6 /* ParseChatUITests.swift */,
				FF30B2E7203E7A6900AE19A6 /* Info.plist */,
			);
			path = ParseChatUITests;
			sourceTree = "<group>";
		};
/* End PBXGroup section */

/* Begin PBXNativeTarget section */
		FF30B2C1203E7A6900AE19A6 /* ParseChat */ = {
			isa = PBXNativeTarget;
			buildConfigurationList = FF30B2EA203E7A6900AE19A6 /* Build configuration list for PBXNativeTarget "ParseChat" */;
			buildPhases = (
				FF30B2BE203E7A6900AE19A6 /* Sources */,
				FF30B2BF203E7A6900AE19A6 /* Frameworks */,
				FF30B2C0203E7A6900AE19A6 /* Resources */,
			);
			buildRules = (
			);
			dependencies = (
			);
			name = ParseChat;
			productName = ParseChat;
			productReference = FF30B2C2203E7A6900AE19A6 /* ParseChat.app */;
			productType = "com.apple.product-type.application";
		};
		FF30B2D5203E7A6900AE19A6 /* ParseChatTests */ = {
			isa = PBXNativeTarget;
			buildConfigurationList = FF30B2ED203E7A6900AE19A6 /* Build configuration list for PBXNativeTarget "ParseChatTests" */;
			buildPhases = (
				FF30B2D2203E7A6900AE19A6 /* Sources */,
				FF30B2D3203E7A6900AE19A6 /* Frameworks */,
				FF30B2D4203E7A6900AE19A6 /* Resources */,
			);
			buildRules = (
			);
			dependencies = (
				FF30B2D8203E7A6900AE19A6 /* PBXTargetDependency */,
			);
			name = ParseChatTests;
			productName = ParseChatTests;
			productReference = FF30B2D6203E7A6900AE19A6 /* ParseChatTests.xctest */;
			productType = "com.apple.product-type.bundle.unit-test";
		};
		FF30B2E0203E7A6900AE19A6 /* ParseChatUITests */ = {
			isa = PBXNativeTarget;
			buildConfigurationList = FF30B2F0203E7A6900AE19A6 /* Build configuration list for PBXNativeTarget "ParseChatUITests" */;
			buildPhases = (
				FF30B2DD203E7A6900AE19A6 /* Sources */,
				FF30B2DE203E7A6900AE19A6 /* Frameworks */,
				FF30B2DF203E7A6900AE19A6 /* Resources */,
			);
			buildRules = (
			);
			dependencies = (
				FF30B2E3203E7A6900AE19A6 /* PBXTargetDependency */,
			);
			name = ParseChatUITests;
			productName = ParseChatUITests;
			productReference = FF30B2E1203E7A6900AE19A6 /* ParseChatUITests.xctest */;
			productType = "com.apple.product-type.bundle.ui-testing";
		};
/* End PBXNativeTarget section */

/* Begin PBXProject section */
		FF30B2BA203E7A6900AE19A6 /* Project object */ = {
			isa = PBXProject;
			attributes = {
				LastSwiftUpdateCheck = 0920;
				LastUpgradeCheck = 0920;
				ORGANIZATIONNAME = "Melissa Phuong Nguyen";
				TargetAttributes = {
					FF30B2C1203E7A6900AE19A6 = {
						CreatedOnToolsVersion = 9.2;
						ProvisioningStyle = Automatic;
					};
					FF30B2D5203E7A6900AE19A6 = {
						CreatedOnToolsVersion = 9.2;
						ProvisioningStyle = Automatic;
						TestTargetID = FF30B2C1203E7A6900AE19A6;
					};
					FF30B2E0203E7A6900AE19A6 = {
						CreatedOnToolsVersion = 9.2;
						ProvisioningStyle = Automatic;
						TestTargetID = FF30B2C1203E7A6900AE19A6;
					};
				};
			};
			buildConfigurationList = FF30B2BD203E7A6900AE19A6 /* Build configuration list for PBXProject "ParseChat" */;
			compatibilityVersion = "Xcode 8.0";
			developmentRegion = en;
			hasScannedForEncodings = 0;
			knownRegions = (
				en,
				Base,
			);
			mainGroup = FF30B2B9203E7A6900AE19A6;
			productRefGroup = FF30B2C3203E7A6900AE19A6 /* Products */;
			projectDirPath = "";
			projectRoot = "";
			targets = (
				FF30B2C1203E7A6900AE19A6 /* ParseChat */,
				FF30B2D5203E7A6900AE19A6 /* ParseChatTests */,
				FF30B2E0203E7A6900AE19A6 /* ParseChatUITests */,
			);
		};
/* End PBXProject section */

/* Begin PBXResourcesBuildPhase section */
		FF30B2C0203E7A6900AE19A6 /* Resources */ = {
			isa = PBXResourcesBuildPhase;
			buildActionMask = 2147483647;
			files = (
				FF30B2D0203E7A6900AE19A6 /* LaunchScreen.storyboard in Resources */,
				FF30B2CD203E7A6900AE19A6 /* Assets.xcassets in Resources */,
				FF30B2CB203E7A6900AE19A6 /* Main.storyboard in Resources */,
			);
			runOnlyForDeploymentPostprocessing = 0;
		};
		FF30B2D4203E7A6900AE19A6 /* Resources */ = {
			isa = PBXResourcesBuildPhase;
			buildActionMask = 2147483647;
			files = (
			);
			runOnlyForDeploymentPostprocessing = 0;
		};
		FF30B2DF203E7A6900AE19A6 /* Resources */ = {
			isa = PBXResourcesBuildPhase;
			buildActionMask = 2147483647;
			files = (
			);
			runOnlyForDeploymentPostprocessing = 0;
		};
/* End PBXResourcesBuildPhase section */

/* Begin PBXSourcesBuildPhase section */
		FF30B2BE203E7A6900AE19A6 /* Sources */ = {
			isa = PBXSourcesBuildPhase;
			buildActionMask = 2147483647;
			files = (
				FF30B2C8203E7A6900AE19A6 /* ViewController.swift in Sources */,
				FF30B2C6203E7A6900AE19A6 /* AppDelegate.swift in Sources */,
			);
			runOnlyForDeploymentPostprocessing = 0;
		};
		FF30B2D2203E7A6900AE19A6 /* Sources */ = {
			isa = PBXSourcesBuildPhase;
			buildActionMask = 2147483647;
			files = (
				FF30B2DB203E7A6900AE19A6 /* ParseChatTests.swift in Sources */,
			);
			runOnlyForDeploymentPostprocessing = 0;
		};
		FF30B2DD203E7A6900AE19A6 /* Sources */ = {
			isa = PBXSourcesBuildPhase;
			buildActionMask = 2147483647;
			files = (
				FF30B2E6203E7A6900AE19A6 /* ParseChatUITests.swift in Sources */,
			);
			runOnlyForDeploymentPostprocessing = 0;
		};
/* End PBXSourcesBuildPhase section */

/* Begin PBXTargetDependency section */
		FF30B2D8203E7A6900AE19A6 /* PBXTargetDependency */ = {
			isa = PBXTargetDependency;
			target = FF30B2C1203E7A6900AE19A6 /* ParseChat */;
			targetProxy = FF30B2D7203E7A6900AE19A6 /* PBXContainerItemProxy */;
		};
		FF30B2E3203E7A6900AE19A6 /* PBXTargetDependency */ = {
			isa = PBXTargetDependency;
			target = FF30B2C1203E7A6900AE19A6 /* ParseChat */;
			targetProxy = FF30B2E2203E7A6900AE19A6 /* PBXContainerItemProxy */;
		};
/* End PBXTargetDependency section */

/* Begin PBXVariantGroup section */
		FF30B2C9203E7A6900AE19A6 /* Main.storyboard */ = {
			isa = PBXVariantGroup;
			children = (
				FF30B2CA203E7A6900AE19A6 /* Base */,
			);
			name = Main.storyboard;
			sourceTree = "<group>";
		};
		FF30B2CE203E7A6900AE19A6 /* LaunchScreen.storyboard */ = {
			isa = PBXVariantGroup;
			children = (
				FF30B2CF203E7A6900AE19A6 /* Base */,
			);
			name = LaunchScreen.storyboard;
			sourceTree = "<group>";
		};
/* End PBXVariantGroup section */

/* Begin XCBuildConfiguration section */
		FF30B2E8203E7A6900AE19A6 /* Debug */ = {
			isa = XCBuildConfiguration;
			buildSettings = {
				ALWAYS_SEARCH_USER_PATHS = NO;
				CLANG_ANALYZER_NONNULL = YES;
				CLANG_ANALYZER_NUMBER_OBJECT_CONVERSION = YES_AGGRESSIVE;
				CLANG_CXX_LANGUAGE_STANDARD = "gnu++14";
				CLANG_CXX_LIBRARY = "libc++";
				CLANG_ENABLE_MODULES = YES;
				CLANG_ENABLE_OBJC_ARC = YES;
				CLANG_WARN_BLOCK_CAPTURE_AUTORELEASING = YES;
				CLANG_WARN_BOOL_CONVERSION = YES;
				CLANG_WARN_COMMA = YES;
				CLANG_WARN_CONSTANT_CONVERSION = YES;
				CLANG_WARN_DIRECT_OBJC_ISA_USAGE = YES_ERROR;
				CLANG_WARN_DOCUMENTATION_COMMENTS = YES;
				CLANG_WARN_EMPTY_BODY = YES;
				CLANG_WARN_ENUM_CONVERSION = YES;
				CLANG_WARN_INFINITE_RECURSION = YES;
				CLANG_WARN_INT_CONVERSION = YES;
				CLANG_WARN_NON_LITERAL_NULL_CONVERSION = YES;
				CLANG_WARN_OBJC_LITERAL_CONVERSION = YES;
				CLANG_WARN_OBJC_ROOT_CLASS = YES_ERROR;
				CLANG_WARN_RANGE_LOOP_ANALYSIS = YES;
				CLANG_WARN_STRICT_PROTOTYPES = YES;
				CLANG_WARN_SUSPICIOUS_MOVE = YES;
				CLANG_WARN_UNGUARDED_AVAILABILITY = YES_AGGRESSIVE;
				CLANG_WARN_UNREACHABLE_CODE = YES;
				CLANG_WARN__DUPLICATE_METHOD_MATCH = YES;
				CODE_SIGN_IDENTITY = "iPhone Developer";
				COPY_PHASE_STRIP = NO;
				DEBUG_INFORMATION_FORMAT = dwarf;
				ENABLE_STRICT_OBJC_MSGSEND = YES;
				ENABLE_TESTABILITY = YES;
				GCC_C_LANGUAGE_STANDARD = gnu11;
				GCC_DYNAMIC_NO_PIC = NO;
				GCC_NO_COMMON_BLOCKS = YES;
				GCC_OPTIMIZATION_LEVEL = 0;
				GCC_PREPROCESSOR_DEFINITIONS = (
					"DEBUG=1",
					"$(inherited)",
				);
				GCC_WARN_64_TO_32_BIT_CONVERSION = YES;
				GCC_WARN_ABOUT_RETURN_TYPE = YES_ERROR;
				GCC_WARN_UNDECLARED_SELECTOR = YES;
				GCC_WARN_UNINITIALIZED_AUTOS = YES_AGGRESSIVE;
				GCC_WARN_UNUSED_FUNCTION = YES;
				GCC_WARN_UNUSED_VARIABLE = YES;
				IPHONEOS_DEPLOYMENT_TARGET = 11.2;
				MTL_ENABLE_DEBUG_INFO = YES;
				ONLY_ACTIVE_ARCH = YES;
				SDKROOT = iphoneos;
				SWIFT_ACTIVE_COMPILATION_CONDITIONS = DEBUG;
				SWIFT_OPTIMIZATION_LEVEL = "-Onone";
			};
			name = Debug;
		};
		FF30B2E9203E7A6900AE19A6 /* Release */ = {
			isa = XCBuildConfiguration;
			buildSettings = {
				ALWAYS_SEARCH_USER_PATHS = NO;
				CLANG_ANALYZER_NONNULL = YES;
				CLANG_ANALYZER_NUMBER_OBJECT_CONVERSION = YES_AGGRESSIVE;
				CLANG_CXX_LANGUAGE_STANDARD = "gnu++14";
				CLANG_CXX_LIBRARY = "libc++";
				CLANG_ENABLE_MODULES = YES;
				CLANG_ENABLE_OBJC_ARC = YES;
				CLANG_WARN_BLOCK_CAPTURE_AUTORELEASING = YES;
				CLANG_WARN_BOOL_CONVERSION = YES;
				CLANG_WARN_COMMA = YES;
				CLANG_WARN_CONSTANT_CONVERSION = YES;
				CLANG_WARN_DIRECT_OBJC_ISA_USAGE = YES_ERROR;
				CLANG_WARN_DOCUMENTATION_COMMENTS = YES;
				CLANG_WARN_EMPTY_BODY = YES;
				CLANG_WARN_ENUM_CONVERSION = YES;
				CLANG_WARN_INFINITE_RECURSION = YES;
				CLANG_WARN_INT_CONVERSION = YES;
				CLANG_WARN_NON_LITERAL_NULL_CONVERSION = YES;
				CLANG_WARN_OBJC_LITERAL_CONVERSION = YES;
				CLANG_WARN_OBJC_ROOT_CLASS = YES_ERROR;
				CLANG_WARN_RANGE_LOOP_ANALYSIS = YES;
				CLANG_WARN_STRICT_PROTOTYPES = YES;
				CLANG_WARN_SUSPICIOUS_MOVE = YES;
				CLANG_WARN_UNGUARDED_AVAILABILITY = YES_AGGRESSIVE;
				CLANG_WARN_UNREACHABLE_CODE = YES;
				CLANG_WARN__DUPLICATE_METHOD_MATCH = YES;
				CODE_SIGN_IDENTITY = "iPhone Developer";
				COPY_PHASE_STRIP = NO;
				DEBUG_INFORMATION_FORMAT = "dwarf-with-dsym";
				ENABLE_NS_ASSERTIONS = NO;
				ENABLE_STRICT_OBJC_MSGSEND = YES;
				GCC_C_LANGUAGE_STANDARD = gnu11;
				GCC_NO_COMMON_BLOCKS = YES;
				GCC_WARN_64_TO_32_BIT_CONVERSION = YES;
				GCC_WARN_ABOUT_RETURN_TYPE = YES_ERROR;
				GCC_WARN_UNDECLARED_SELECTOR = YES;
				GCC_WARN_UNINITIALIZED_AUTOS = YES_AGGRESSIVE;
				GCC_WARN_UNUSED_FUNCTION = YES;
				GCC_WARN_UNUSED_VARIABLE = YES;
				IPHONEOS_DEPLOYMENT_TARGET = 11.2;
				MTL_ENABLE_DEBUG_INFO = NO;
				SDKROOT = iphoneos;
				SWIFT_OPTIMIZATION_LEVEL = "-Owholemodule";
				VALIDATE_PRODUCT = YES;
			};
			name = Release;
		};
		FF30B2EB203E7A6900AE19A6 /* Debug */ = {
			isa = XCBuildConfiguration;
			buildSettings = {
				ASSETCATALOG_COMPILER_APPICON_NAME = AppIcon;
				CODE_SIGN_STYLE = Automatic;
				INFOPLIST_FILE = ParseChat/Info.plist;
				LD_RUNPATH_SEARCH_PATHS = "$(inherited) @executable_path/Frameworks";
				PRODUCT_BUNDLE_IDENTIFIER = com.melissanguyen.ParseChat;
				PRODUCT_NAME = "$(TARGET_NAME)";
				SWIFT_VERSION = 4.0;
				TARGETED_DEVICE_FAMILY = "1,2";
			};
			name = Debug;
		};
		FF30B2EC203E7A6900AE19A6 /* Release */ = {
			isa = XCBuildConfiguration;
			buildSettings = {
				ASSETCATALOG_COMPILER_APPICON_NAME = AppIcon;
				CODE_SIGN_STYLE = Automatic;
				INFOPLIST_FILE = ParseChat/Info.plist;
				LD_RUNPATH_SEARCH_PATHS = "$(inherited) @executable_path/Frameworks";
				PRODUCT_BUNDLE_IDENTIFIER = com.melissanguyen.ParseChat;
				PRODUCT_NAME = "$(TARGET_NAME)";
				SWIFT_VERSION = 4.0;
				TARGETED_DEVICE_FAMILY = "1,2";
			};
			name = Release;
		};
		FF30B2EE203E7A6900AE19A6 /* Debug */ = {
			isa = XCBuildConfiguration;
			buildSettings = {
				ALWAYS_EMBED_SWIFT_STANDARD_LIBRARIES = YES;
				BUNDLE_LOADER = "$(TEST_HOST)";
				CODE_SIGN_STYLE = Automatic;
				INFOPLIST_FILE = ParseChatTests/Info.plist;
				LD_RUNPATH_SEARCH_PATHS = "$(inherited) @executable_path/Frameworks @loader_path/Frameworks";
				PRODUCT_BUNDLE_IDENTIFIER = com.melissanguyen.ParseChatTests;
				PRODUCT_NAME = "$(TARGET_NAME)";
				SWIFT_VERSION = 4.0;
				TARGETED_DEVICE_FAMILY = "1,2";
				TEST_HOST = "$(BUILT_PRODUCTS_DIR)/ParseChat.app/ParseChat";
			};
			name = Debug;
		};
		FF30B2EF203E7A6900AE19A6 /* Release */ = {
			isa = XCBuildConfiguration;
			buildSettings = {
				ALWAYS_EMBED_SWIFT_STANDARD_LIBRARIES = YES;
				BUNDLE_LOADER = "$(TEST_HOST)";
				CODE_SIGN_STYLE = Automatic;
				INFOPLIST_FILE = ParseChatTests/Info.plist;
				LD_RUNPATH_SEARCH_PATHS = "$(inherited) @executable_path/Frameworks @loader_path/Frameworks";
				PRODUCT_BUNDLE_IDENTIFIER = com.melissanguyen.ParseChatTests;
				PRODUCT_NAME = "$(TARGET_NAME)";
				SWIFT_VERSION = 4.0;
				TARGETED_DEVICE_FAMILY = "1,2";
				TEST_HOST = "$(BUILT_PRODUCTS_DIR)/ParseChat.app/ParseChat";
			};
			name = Release;
		};
		FF30B2F1203E7A6900AE19A6 /* Debug */ = {
			isa = XCBuildConfiguration;
			buildSettings = {
				ALWAYS_EMBED_SWIFT_STANDARD_LIBRARIES = YES;
				CODE_SIGN_STYLE = Automatic;
				INFOPLIST_FILE = ParseChatUITests/Info.plist;
				LD_RUNPATH_SEARCH_PATHS = "$(inherited) @executable_path/Frameworks @loader_path/Frameworks";
				PRODUCT_BUNDLE_IDENTIFIER = com.melissanguyen.ParseChatUITests;
				PRODUCT_NAME = "$(TARGET_NAME)";
				SWIFT_VERSION = 4.0;
				TARGETED_DEVICE_FAMILY = "1,2";
				TEST_TARGET_NAME = ParseChat;
			};
			name = Debug;
		};
		FF30B2F2203E7A6900AE19A6 /* Release */ = {
			isa = XCBuildConfiguration;
			buildSettings = {
				ALWAYS_EMBED_SWIFT_STANDARD_LIBRARIES = YES;
				CODE_SIGN_STYLE = Automatic;
				INFOPLIST_FILE = ParseChatUITests/Info.plist;
				LD_RUNPATH_SEARCH_PATHS = "$(inherited) @executable_path/Frameworks @loader_path/Frameworks";
				PRODUCT_BUNDLE_IDENTIFIER = com.melissanguyen.ParseChatUITests;
				PRODUCT_NAME = "$(TARGET_NAME)";
				SWIFT_VERSION = 4.0;
				TARGETED_DEVICE_FAMILY = "1,2";
				TEST_TARGET_NAME = ParseChat;
			};
			name = Release;
		};
/* End XCBuildConfiguration section */

/* Begin XCConfigurationList section */
		FF30B2BD203E7A6900AE19A6 /* Build configuration list for PBXProject "ParseChat" */ = {
			isa = XCConfigurationList;
			buildConfigurations = (
				FF30B2E8203E7A6900AE19A6 /* Debug */,
				FF30B2E9203E7A6900AE19A6 /* Release */,
			);
			defaultConfigurationIsVisible = 0;
			defaultConfigurationName = Release;
		};
		FF30B2EA203E7A6900AE19A6 /* Build configuration list for PBXNativeTarget "ParseChat" */ = {
			isa = XCConfigurationList;
			buildConfigurations = (
				FF30B2EB203E7A6900AE19A6 /* Debug */,
				FF30B2EC203E7A6900AE19A6 /* Release */,
			);
			defaultConfigurationIsVisible = 0;
			defaultConfigurationName = Release;
		};
		FF30B2ED203E7A6900AE19A6 /* Build configuration list for PBXNativeTarget "ParseChatTests" */ = {
			isa = XCConfigurationList;
			buildConfigurations = (
				FF30B2EE203E7A6900AE19A6 /* Debug */,
				FF30B2EF203E7A6900AE19A6 /* Release */,
			);
			defaultConfigurationIsVisible = 0;
			defaultConfigurationName = Release;
		};
		FF30B2F0203E7A6900AE19A6 /* Build configuration list for PBXNativeTarget "ParseChatUITests" */ = {
			isa = XCConfigurationList;
			buildConfigurations = (
				FF30B2F1203E7A6900AE19A6 /* Debug */,
				FF30B2F2203E7A6900AE19A6 /* Release */,
			);
			defaultConfigurationIsVisible = 0;
			defaultConfigurationName = Release;
		};
/* End XCConfigurationList section */
	};
	rootObject = FF30B2BA203E7A6900AE19A6 /* Project object */;
}
